
Microsoft Visual Studio Solution File, Format Version 12.00
# Visual Studio Version 16
VisualStudioVersion = 16.0.31321.278
MinimumVisualStudioVersion = 10.0.40219.1
Project("{FAE04EC0-301F-11D3-BF4B-00C04F79EFBC}") = "Umami.Android", "Umami\Umami.Android\Umami.Android.csproj", "{AA11355F-C78D-4F5E-946E-2C8CDD0ED7A8}"
EndProject
Project("{9A19103F-16F7-4668-BE54-9A1E7A4F7556}") = "Umami", "Umami\Umami\Umami.csproj", "{9F7FD5AF-2558-4B1C-A52F-A3015D5AF7C1}"
EndProject
Global
	GlobalSection(SolutionConfigurationPlatforms) = preSolution
		Debug|Any CPU = Debug|Any CPU
		Release|Any CPU = Release|Any CPU
	EndGlobalSection
	GlobalSection(ProjectConfigurationPlatforms) = postSolution
		{AA11355F-C78D-4F5E-946E-2C8CDD0ED7A8}.Debug|Any CPU.ActiveCfg = Debug|Any CPU
		{AA11355F-C78D-4F5E-946E-2C8CDD0ED7A8}.Debug|Any CPU.Build.0 = Debug|Any CPU
		{AA11355F-C78D-4F5E-946E-2C8CDD0ED7A8}.Debug|Any CPU.Deploy.0 = Debug|Any CPU
		{AA11355F-C78D-4F5E-946E-2C8CDD0ED7A8}.Release|Any CPU.ActiveCfg = Release|Any CPU
		{AA11355F-C78D-4F5E-946E-2C8CDD0ED7A8}.Release|Any CPU.Build.0 = Release|Any CPU
		{AA11355F-C78D-4F5E-946E-2C8CDD0ED7A8}.Release|Any CPU.Deploy.0 = Release|Any CPU
		{9F7FD5AF-2558-4B1C-A52F-A3015D5AF7C1}.Debug|Any CPU.ActiveCfg = Debug|Any CPU
		{9F7FD5AF-2558-4B1C-A52F-A3015D5AF7C1}.Debug|Any CPU.Build.0 = Debug|Any CPU
		{9F7FD5AF-2558-4B1C-A52F-A3015D5AF7C1}.Debug|Any CPU.Deploy.0 = Debug|Any CPU
		{9F7FD5AF-2558-4B1C-A52F-A3015D5AF7C1}.Release|Any CPU.ActiveCfg = Release|Any CPU
		{9F7FD5AF-2558-4B1C-A52F-A3015D5AF7C1}.Release|Any CPU.Build.0 = Release|Any CPU
		{9F7FD5AF-2558-4B1C-A52F-A3015D5AF7C1}.Release|Any CPU.Deploy.0 = Release|Any CPU
	EndGlobalSection
	GlobalSection(SolutionProperties) = preSolution
		HideSolutionNode = FALSE
	EndGlobalSection
	GlobalSection(ExtensibilityGlobals) = postSolution
		SolutionGuid = {9CC3560E-85FE-411C-A295-169BDC0DE26F}
	EndGlobalSection
EndGlobal
